{
  "version": "5",
  "redirects": {
    "https://esm.sh/@aws-crypto/util@^3.0.0?target=denonext": "https://esm.sh/@aws-crypto/util@3.0.0?target=denonext",
    "https://esm.sh/@aws-sdk/util-utf8-browser@^3.0.0?target=denonext": "https://esm.sh/@aws-sdk/util-utf8-browser@3.259.0?target=denonext",
    "https://esm.sh/@smithy/config-resolver@^2.0.23?target=denonext": "https://esm.sh/@smithy/config-resolver@2.2.0?target=denonext",
    "https://esm.sh/@smithy/config-resolver@^2.2.0?target=denonext": "https://esm.sh/@smithy/config-resolver@2.2.0?target=denonext",
    "https://esm.sh/@smithy/core@^1.2.2?target=denonext": "https://esm.sh/@smithy/core@1.4.2?target=denonext",
    "https://esm.sh/@smithy/credential-provider-imds@^2.0.0?target=denonext": "https://esm.sh/@smithy/credential-provider-imds@2.3.0?target=denonext",
    "https://esm.sh/@smithy/credential-provider-imds@^2.3.0?target=denonext": "https://esm.sh/@smithy/credential-provider-imds@2.3.0?target=denonext",
    "https://esm.sh/@smithy/eventstream-codec@^2.2.0?target=denonext": "https://esm.sh/@smithy/eventstream-codec@2.2.0?target=denonext",
    "https://esm.sh/@smithy/eventstream-serde-config-resolver@^2.0.16?target=denonext": "https://esm.sh/@smithy/eventstream-serde-config-resolver@2.2.0?target=denonext",
    "https://esm.sh/@smithy/eventstream-serde-node@^2.0.16?target=denonext": "https://esm.sh/@smithy/eventstream-serde-node@2.2.0?target=denonext",
    "https://esm.sh/@smithy/eventstream-serde-universal@^2.2.0?target=denonext": "https://esm.sh/@smithy/eventstream-serde-universal@2.2.0?target=denonext",
    "https://esm.sh/@smithy/hash-node@^2.0.18?target=denonext": "https://esm.sh/@smithy/hash-node@2.2.0?target=denonext",
    "https://esm.sh/@smithy/hash-stream-node@^2.0.18?target=denonext": "https://esm.sh/@smithy/hash-stream-node@2.2.0?target=denonext",
    "https://esm.sh/@smithy/is-array-buffer@^2.0.0?target=denonext": "https://esm.sh/@smithy/is-array-buffer@2.2.0?target=denonext",
    "https://esm.sh/@smithy/is-array-buffer@^2.2.0?target=denonext": "https://esm.sh/@smithy/is-array-buffer@2.2.0?target=denonext",
    "https://esm.sh/@smithy/middleware-content-length@^2.0.18?target=denonext": "https://esm.sh/@smithy/middleware-content-length@2.2.0?target=denonext",
    "https://esm.sh/@smithy/middleware-endpoint@^2.3.0?target=denonext": "https://esm.sh/@smithy/middleware-endpoint@2.5.1?target=denonext",
    "https://esm.sh/@smithy/middleware-endpoint@^2.5.1?target=denonext": "https://esm.sh/@smithy/middleware-endpoint@2.5.1?target=denonext",
    "https://esm.sh/@smithy/middleware-retry@^2.0.26?target=denonext": "https://esm.sh/@smithy/middleware-retry@2.3.1?target=denonext",
    "https://esm.sh/@smithy/middleware-retry@^2.3.1?target=denonext": "https://esm.sh/@smithy/middleware-retry@2.3.1?target=denonext",
    "https://esm.sh/@smithy/middleware-serde@^2.0.16?target=denonext": "https://esm.sh/@smithy/middleware-serde@2.3.0?target=denonext",
    "https://esm.sh/@smithy/middleware-serde@^2.3.0?target=denonext": "https://esm.sh/@smithy/middleware-serde@2.3.0?target=denonext",
    "https://esm.sh/@smithy/middleware-stack@^2.2.0?target=denonext": "https://esm.sh/@smithy/middleware-stack@2.2.0?target=denonext",
    "https://esm.sh/@smithy/node-config-provider@^2.1.9?target=denonext": "https://esm.sh/@smithy/node-config-provider@2.3.0?target=denonext",
    "https://esm.sh/@smithy/node-config-provider@^2.3.0?target=denonext": "https://esm.sh/@smithy/node-config-provider@2.3.0?target=denonext",
    "https://esm.sh/@smithy/node-http-handler@^2.2.2?target=denonext": "https://esm.sh/@smithy/node-http-handler@2.5.0?target=denonext",
    "https://esm.sh/@smithy/node-http-handler@^2.5.0?target=denonext": "https://esm.sh/@smithy/node-http-handler@2.5.0?target=denonext",
    "https://esm.sh/@smithy/property-provider@^2.0.0?target=denonext": "https://esm.sh/@smithy/property-provider@2.2.0?target=denonext",
    "https://esm.sh/@smithy/property-provider@^2.2.0?target=denonext": "https://esm.sh/@smithy/property-provider@2.2.0?target=denonext",
    "https://esm.sh/@smithy/protocol-http@^3.0.12?target=denonext": "https://esm.sh/@smithy/protocol-http@3.3.0?target=denonext",
    "https://esm.sh/@smithy/protocol-http@^3.3.0?target=denonext": "https://esm.sh/@smithy/protocol-http@3.3.0?target=denonext",
    "https://esm.sh/@smithy/querystring-builder@^2.0.16?target=denonext": "https://esm.sh/@smithy/querystring-builder@2.2.0?target=denonext",
    "https://esm.sh/@smithy/querystring-builder@^2.2.0?target=denonext": "https://esm.sh/@smithy/querystring-builder@2.2.0?target=denonext",
    "https://esm.sh/@smithy/querystring-parser@^2.2.0?target=denonext": "https://esm.sh/@smithy/querystring-parser@2.2.0?target=denonext",
    "https://esm.sh/@smithy/service-error-classification@^2.1.5?target=denonext": "https://esm.sh/@smithy/service-error-classification@2.1.5?target=denonext",
    "https://esm.sh/@smithy/shared-ini-file-loader@^2.0.6?target=denonext": "https://esm.sh/@smithy/shared-ini-file-loader@2.4.0?target=denonext",
    "https://esm.sh/@smithy/shared-ini-file-loader@^2.4.0?target=denonext": "https://esm.sh/@smithy/shared-ini-file-loader@2.4.0?target=denonext",
    "https://esm.sh/@smithy/signature-v4@^2.0.0?target=denonext": "https://esm.sh/@smithy/signature-v4@2.3.0?target=denonext",
    "https://esm.sh/@smithy/smithy-client@^2.2.1?target=denonext": "https://esm.sh/@smithy/smithy-client@2.5.1?target=denonext",
    "https://esm.sh/@smithy/smithy-client@^2.5.1?target=denonext": "https://esm.sh/@smithy/smithy-client@2.5.1?target=denonext",
    "https://esm.sh/@smithy/types@^2.12.0?target=denonext": "https://esm.sh/@smithy/types@2.12.0?target=denonext",
    "https://esm.sh/@smithy/types@^2.8.0?target=denonext": "https://esm.sh/@smithy/types@2.12.0?target=denonext",
    "https://esm.sh/@smithy/url-parser@^2.0.16?target=denonext": "https://esm.sh/@smithy/url-parser@2.2.0?target=denonext",
    "https://esm.sh/@smithy/url-parser@^2.2.0?target=denonext": "https://esm.sh/@smithy/url-parser@2.2.0?target=denonext",
    "https://esm.sh/@smithy/util-base64@^2.0.1?target=denonext": "https://esm.sh/@smithy/util-base64@2.3.0?target=denonext",
    "https://esm.sh/@smithy/util-base64@^2.3.0?target=denonext": "https://esm.sh/@smithy/util-base64@2.3.0?target=denonext",
    "https://esm.sh/@smithy/util-body-length-node@^2.1.0?target=denonext": "https://esm.sh/@smithy/util-body-length-node@2.3.0?target=denonext",
    "https://esm.sh/@smithy/util-buffer-from@^2.2.0?target=denonext": "https://esm.sh/@smithy/util-buffer-from@2.2.0?target=denonext",
    "https://esm.sh/@smithy/util-config-provider@^2.1.0?target=denonext": "https://esm.sh/@smithy/util-config-provider@2.3.0?target=denonext",
    "https://esm.sh/@smithy/util-config-provider@^2.3.0?target=denonext": "https://esm.sh/@smithy/util-config-provider@2.3.0?target=denonext",
    "https://esm.sh/@smithy/util-defaults-mode-node@^2.0.32?target=denonext": "https://esm.sh/@smithy/util-defaults-mode-node@2.3.1?target=denonext",
    "https://esm.sh/@smithy/util-endpoints@^1.0.8?target=denonext": "https://esm.sh/@smithy/util-endpoints@1.2.0?target=denonext",
    "https://esm.sh/@smithy/util-hex-encoding@^2.2.0?target=denonext": "https://esm.sh/@smithy/util-hex-encoding@2.2.0?target=denonext",
    "https://esm.sh/@smithy/util-middleware@^2.0.9?target=denonext": "https://esm.sh/@smithy/util-middleware@2.2.0?target=denonext",
    "https://esm.sh/@smithy/util-middleware@^2.2.0?target=denonext": "https://esm.sh/@smithy/util-middleware@2.2.0?target=denonext",
    "https://esm.sh/@smithy/util-retry@^2.0.9?target=denonext": "https://esm.sh/@smithy/util-retry@2.2.0?target=denonext",
    "https://esm.sh/@smithy/util-retry@^2.2.0?target=denonext": "https://esm.sh/@smithy/util-retry@2.2.0?target=denonext",
    "https://esm.sh/@smithy/util-stream@^2.0.24?target=denonext": "https://esm.sh/@smithy/util-stream@2.2.0?target=denonext",
    "https://esm.sh/@smithy/util-stream@^2.2.0?target=denonext": "https://esm.sh/@smithy/util-stream@2.2.0?target=denonext",
    "https://esm.sh/@smithy/util-uri-escape@^2.2.0?target=denonext": "https://esm.sh/@smithy/util-uri-escape@2.2.0?target=denonext",
    "https://esm.sh/@smithy/util-utf8@^2.0.2?target=denonext": "https://esm.sh/@smithy/util-utf8@2.3.0?target=denonext",
    "https://esm.sh/@smithy/util-utf8@^2.3.0?target=denonext": "https://esm.sh/@smithy/util-utf8@2.3.0?target=denonext",
    "https://esm.sh/@smithy/util-waiter@^2.0.16?target=denonext": "https://esm.sh/@smithy/util-waiter@2.2.0?target=denonext",
    "https://esm.sh/@types/uuid@~9.0.8/index.d.mts": "https://esm.sh/@types/uuid@9.0.8/index.d.mts",
    "https://esm.sh/strnum@^1.0.5?target=denonext": "https://esm.sh/strnum@1.1.2?target=denonext",
    "https://esm.sh/tslib@^1.11.1?target=denonext": "https://esm.sh/tslib@1.14.1?target=denonext",
    "https://esm.sh/uuid@^9.0.1?target=denonext": "https://esm.sh/uuid@9.0.1?target=denonext"
  },
  "remote": {
    "https://deno.land/x/jose@v5.2.0/index.ts": "1c955404289ff08dc03d31fc8ce3186ffeaae9ac0fdcf3f128f047ce770bf559",
    "https://deno.land/x/jose@v5.2.0/jwe/compact/decrypt.ts": "80d400ddf947374c3f901b76182a9a1cd931059a53079ac91934e8aa4db41053",
    "https://deno.land/x/jose@v5.2.0/jwe/compact/encrypt.ts": "d147705bc7e2675cfb546f78676ec91f432c93ff28022f7125a71d72454bec90",
    "https://deno.land/x/jose@v5.2.0/jwe/flattened/decrypt.ts": "3a5fdf316e69cb6a14034661dc1ca6ad25cff9045638f032a47ccdfd458795fd",
    "https://deno.land/x/jose@v5.2.0/jwe/flattened/encrypt.ts": "f45b40e05882055e242afa3f157775bac1c50ac6299b26a3158f32f399542a6e",
    "https://deno.land/x/jose@v5.2.0/jwe/general/decrypt.ts": "f9c702cbc7d380b8f314bd001f5ac339b1505754c0d22348135fe05ff98306bf",
    "https://deno.land/x/jose@v5.2.0/jwe/general/encrypt.ts": "9cfbea5f1d863ed963ef252fd9afce9be6bbf88dd4a6ea0a3e438b0f4b7da4bc",
    "https://deno.land/x/jose@v5.2.0/jwk/embedded.ts": "eaa14282f8e0cf757ed3d26a2d278e1bc15a178954e86fc601719be8f32abd74",
    "https://deno.land/x/jose@v5.2.0/jwk/thumbprint.ts": "dddb12cfccb323b1d49e56ac8250bcaa3740d632376dc58ebb16491e3e574e3d",
    "https://deno.land/x/jose@v5.2.0/jwks/local.ts": "2ed5b5835bfc68ecfcbc51e27d31507ef3745d2d38cba820f17ec8a24fe652c0",
    "https://deno.land/x/jose@v5.2.0/jwks/remote.ts": "d6b7055594b4de5074f9fabb579d12d090400c4da273c672b94260bb4bb3d6ea",
    "https://deno.land/x/jose@v5.2.0/jws/compact/sign.ts": "1e88d19dc26d3ea5f2ce3da989813daf5c555d8dec6528051530f7b5a3e87bae",
    "https://deno.land/x/jose@v5.2.0/jws/compact/verify.ts": "ec53206a9b8732117a93b928acb134a13abdd7803dd09835b597867678107426",
    "https://deno.land/x/jose@v5.2.0/jws/flattened/sign.ts": "be5db0e622a6c5b1e905338d33851e89e956350c9d774de50c70f30a6a156356",
    "https://deno.land/x/jose@v5.2.0/jws/flattened/verify.ts": "154cd107def5bef8761175fccfce7881a3ea9d7c7e46f0eee07acd5edeccbde4",
    "https://deno.land/x/jose@v5.2.0/jws/general/sign.ts": "b40b40ce59f12dc58d30a553cb865821d8c2487513c144f608163e847d5a5375",
    "https://deno.land/x/jose@v5.2.0/jws/general/verify.ts": "46043b2c4e2829e88d889a434f4dd3cab4d9865b324abc3b02a61cb738e59d74",
    "https://deno.land/x/jose@v5.2.0/jwt/decrypt.ts": "2d541db2380760634bf20e8dfacabbf97aa5f80eb77735400c9e43cfe397234c",
    "https://deno.land/x/jose@v5.2.0/jwt/encrypt.ts": "b9a6de7c7ac4797d2f97f47481538752e0623e40c99cc98056cc2ae957129875",
    "https://deno.land/x/jose@v5.2.0/jwt/produce.ts": "c1f66aedfa626e81d34ab44330d580cbfe4588f57a6ff7669b986d909fae02aa",
    "https://deno.land/x/jose@v5.2.0/jwt/sign.ts": "54d0a761056edeec428a956abd8db034a20536d87fc7b7a2d4fbf953e931aa37",
    "https://deno.land/x/jose@v5.2.0/jwt/unsecured.ts": "6d930c64c05477b1e9c95219f766816698b9a099213270f6d8059af414767aca",
    "https://deno.land/x/jose@v5.2.0/jwt/verify.ts": "905cb1f2ca01157a9f38e5dfd3495306e348b9ca84e70c359d4731afcec19a64",
    "https://deno.land/x/jose@v5.2.0/key/export.ts": "5addf06a10ce16bb24e630a8f0e5473eff2cbc1ac549ba29fd8ecf0610778edc",
    "https://deno.land/x/jose@v5.2.0/key/generate_key_pair.ts": "6ef50b33427eab5c895189774b562e61c7195609d5701a8e5b0357181a8062e4",
    "https://deno.land/x/jose@v5.2.0/key/generate_secret.ts": "3f87f5df76b8d05613e134660297285bece39a40b10640b7cf66417cfcaee32f",
    "https://deno.land/x/jose@v5.2.0/key/import.ts": "eede517e02b9347cc9c74ae8f7355c1d727a0adb2477f01c69b8d91e1ab5c5e6",
    "https://deno.land/x/jose@v5.2.0/lib/aesgcmkw.ts": "9415c556597be41a4a2f7203fd32fb00d1f06b6b2cfef70d481acec39c7807d6",
    "https://deno.land/x/jose@v5.2.0/lib/buffer_utils.ts": "dad65c92c9baef14cd5366a4131252afa7a5b4f3a068d0244e2df8660ea2bd8e",
    "https://deno.land/x/jose@v5.2.0/lib/cek.ts": "a474becfe1c2d86fbcf3a24cdcd96274beb8d61bd17926e5f345001f39df922b",
    "https://deno.land/x/jose@v5.2.0/lib/check_iv_length.ts": "118eb531167126c8421d71a21f2cfdc10a658c933e178b33395ef3e962c54f80",
    "https://deno.land/x/jose@v5.2.0/lib/check_key_type.ts": "81f5a2c3764464d2b917a1c55c6011d312184e8c68e43bee51565c2db1b166c4",
    "https://deno.land/x/jose@v5.2.0/lib/check_p2s.ts": "2f5549e121c43019ac85a3bb3fe8cb98a397122dcaa80f3cd8bf5fcf314e1f67",
    "https://deno.land/x/jose@v5.2.0/lib/crypto_key.ts": "3da8e265080fb72be9f66a33c6aa76c7176b6162b4ae2534828822cf9c5b04e8",
    "https://deno.land/x/jose@v5.2.0/lib/decrypt_key_management.ts": "9551fc03b4952c7771e76aec46b568f28c34950811d86eb13893eb565946ddf6",
    "https://deno.land/x/jose@v5.2.0/lib/encrypt_key_management.ts": "ec08f264e7dde341171d6272e9db639ae3718cc7047b3117735ab960d9bd01d4",
    "https://deno.land/x/jose@v5.2.0/lib/epoch.ts": "cd608f73f6c100e8156c6020ec2bce6757e01759793f0d6aab23908d3d2ea933",
    "https://deno.land/x/jose@v5.2.0/lib/format_pem.ts": "b5230682e7a89609238015b77f33afd248f3e0f69bcb5895eece2f86d83100f6",
    "https://deno.land/x/jose@v5.2.0/lib/invalid_key_input.ts": "9ca81c899000c18cf1b70ab8221f39b306cc153663e748190307e284fd47ab6a",
    "https://deno.land/x/jose@v5.2.0/lib/is_disjoint.ts": "b5ea1cb260899f5cfb04f032029956e637067714a275d13be429fc53287a4b17",
    "https://deno.land/x/jose@v5.2.0/lib/is_object.ts": "43549ddc51a3b3d4c22b953b191a961fbb61fb5081e8efb88ad075afa1f4d214",
    "https://deno.land/x/jose@v5.2.0/lib/iv.ts": "4766d9ad87b478bb7344094f38c8561181b72f8678edd1b5226d1e0f9ab677fc",
    "https://deno.land/x/jose@v5.2.0/lib/jwt_claims_set.ts": "927514104e4572604a7a00b6c32cdff5cee19423483d9a495a97195136aa4f96",
    "https://deno.land/x/jose@v5.2.0/lib/secs.ts": "40e09916007b3a393f20265ea84dc1df43974e86ec796ce0e5e6724f5917a2b8",
    "https://deno.land/x/jose@v5.2.0/lib/validate_algorithms.ts": "6b20f4b5f6935cd9edcd6eb2128226144ba792eaa7c47966c666a51baf1682eb",
    "https://deno.land/x/jose@v5.2.0/lib/validate_crit.ts": "6d2b43959ddf432060505ef13af32cb1bf0daff815ef1eae4d7971629566a695",
    "https://deno.land/x/jose@v5.2.0/runtime/aeskw.ts": "a9bd412c6d07b2606520972671a545cdb205f79f0a2e9ec0fb145fb2147319e1",
    "https://deno.land/x/jose@v5.2.0/runtime/asn1.ts": "695f4792d2fc092be76713a165fbb7a738554435b4fb6d5f06ac591e62b1d411",
    "https://deno.land/x/jose@v5.2.0/runtime/base64url.ts": "74ecb18b90de56bcc4424b6c911cfe49b56dd4a316978f5c8ee9a23560069636",
    "https://deno.land/x/jose@v5.2.0/runtime/bogus.ts": "4f1c967b0d9b4e7105e16ad8c173da55708f377ee5e201d8ee5fc613f3417f08",
    "https://deno.land/x/jose@v5.2.0/runtime/check_cek_length.ts": "2ee093fcb273602449ed7863ab6bd4dd2a7aeff99507e0573e3cd4b8d8099e5d",
    "https://deno.land/x/jose@v5.2.0/runtime/check_key_length.ts": "5656870cc4460602775134280bf46f17e27100b237bdb5c687aceabeffc8f2a2",
    "https://deno.land/x/jose@v5.2.0/runtime/decrypt.ts": "fc24eadefce13095a4012972a1552f148d9d12d8ed7d1f17ed7c87e00810335f",
    "https://deno.land/x/jose@v5.2.0/runtime/digest.ts": "cee73fad56ce596ffedc56811d174ab413e7981eb847eb67c0e77f213cc2ac2d",
    "https://deno.land/x/jose@v5.2.0/runtime/ecdhes.ts": "74a6f43dde87736179d814312b010087bea0c834f51adc9a93f79664f78cb75f",
    "https://deno.land/x/jose@v5.2.0/runtime/encrypt.ts": "50d400ab152e2d66bffccf7473545097dd69894bc05508530260c8bc0d811638",
    "https://deno.land/x/jose@v5.2.0/runtime/fetch_jwks.ts": "34b71aa6bbd51984d1009792499ea17133dcb11bf2f2d8fba60e8090d900fc20",
    "https://deno.land/x/jose@v5.2.0/runtime/generate.ts": "bc25cf20301cfd6feabb56847e3d5fbe2fc8c11c82e6ad942d27c21fa1f863f0",
    "https://deno.land/x/jose@v5.2.0/runtime/get_sign_verify_key.ts": "f08a086524491a54fb2a0e203819d4ca2b193444aecf6dfbaf6d400431cb439c",
    "https://deno.land/x/jose@v5.2.0/runtime/is_key_like.ts": "d9660a40820d254843721a53b51eb94a4db39a1ee36103ea8c28e2cc2207599b",
    "https://deno.land/x/jose@v5.2.0/runtime/jwk_to_key.ts": "ec0ce6cbbe2e91ee666d7c1cb8e42751dc56a79af3d8183b715874d24f489b4d",
    "https://deno.land/x/jose@v5.2.0/runtime/key_to_jwk.ts": "2af6f52abbe59316fa96771da48538c8f718b6fdd8703d185f8a87ef44c0f064",
    "https://deno.land/x/jose@v5.2.0/runtime/pbes2kw.ts": "1c424aade1ef8c69f0b9db635ff04d873f7c1b2615c7fbef49ee053704912e9d",
    "https://deno.land/x/jose@v5.2.0/runtime/random.ts": "3e9c8d08208e5dc186ae659535f0018303ff3b56615335bf0dfb5904fe36aab7",
    "https://deno.land/x/jose@v5.2.0/runtime/rsaes.ts": "124b6e87d8569b39d6f550b371303c79e9eb28aa0d9b14025eeaffe50282c987",
    "https://deno.land/x/jose@v5.2.0/runtime/runtime.ts": "d748ecb0c1b57020d6f6c41b4458cce74b4d15ab919c38a0ec32d12cee7f5976",
    "https://deno.land/x/jose@v5.2.0/runtime/sign.ts": "1524f8855538ca5fd607cd681f804ba421b0ec58f562118f3c635324ba053f90",
    "https://deno.land/x/jose@v5.2.0/runtime/subtle_dsa.ts": "bab28945afd1aac19d3142a70f0c44c4b283b581d33cf8e1234889b58338e80d",
    "https://deno.land/x/jose@v5.2.0/runtime/subtle_rsaes.ts": "26147da83932ebf7266d69ddd408f269395de05ddde64ba4e1585571bb61bd93",
    "https://deno.land/x/jose@v5.2.0/runtime/timing_safe_equal.ts": "fc5b3f4132cec56630eac4677fef2b519707a9c6a257f8ae86515b0d86ff5f6b",
    "https://deno.land/x/jose@v5.2.0/runtime/verify.ts": "d391e2286b47485247b475016c66999f5146a1cf8331115385a9ba629251c15e",
    "https://deno.land/x/jose@v5.2.0/runtime/webcrypto.ts": "3365b7d62eaa7e6befe5e2f4f67aa7859805c41b87064433b6e70f94501aa36e",
    "https://deno.land/x/jose@v5.2.0/util/base64url.ts": "d2567042684de8bf1e4f1ad67be40ab343ee192ddf1cf12ff1d940d6c1fa2bcb",
    "https://deno.land/x/jose@v5.2.0/util/decode_jwt.ts": "a7ea5eaf0a2fb99252eda082e9d25bc47181962fb42806b28a12723197bc7814",
    "https://deno.land/x/jose@v5.2.0/util/decode_protected_header.ts": "546eac15dd97d267373cb3d8d9a94ad03481f1328c4457560ffde9a5a595ebe8",
    "https://deno.land/x/jose@v5.2.0/util/errors.ts": "107a41f79bd8a226c836080f617809cd148e00112fdadc0e15c3a6079da02f5d",
    "https://deno.land/x/jose@v5.2.0/util/runtime.ts": "088cae7df0d285065f141d880c5c21a572234997082337d1125d7f1603059642",
    "https://esm.sh/@aws-crypto/crc32@3.0.0/denonext/crc32.mjs": "1d802f5241011c759001e52454a5757736ba45c0ca9b754f07e65aa191df14b3",
    "https://esm.sh/@aws-crypto/crc32c@3.0.0/denonext/crc32c.mjs": "9f2bdbfba9a021e423d3ea3bb588c2dab739f0135aa95b07014ebcd6f98ee7af",
    "https://esm.sh/@aws-crypto/util@3.0.0/denonext/util.mjs": "0226b6080cfa8bd9a4c2b06a2e65dfcef7f5b1e6398df70d405c86fe6a117a70",
    "https://esm.sh/@aws-crypto/util@3.0.0?target=denonext": "2c3da98a97b7f6b36c709554c0ce217b33dd31179b22fde914a627c5440c3d5e",
    "https://esm.sh/@aws-sdk/client-s3@3.485.0": "dd276df0ccf76ea4b4cc119c96e11bf3dcaac48c4b604c66af36e37dd56a3bd4",
    "https://esm.sh/@aws-sdk/client-s3@3.485.0/denonext/client-s3.mjs": "170aaf6e7cfdf87a9ffb94e4b8c77e74105b7cad9d018f13bc73a55ebc4fb86f",
    "https://esm.sh/@aws-sdk/client-sso@3.485.0/denonext/client-sso.mjs": "ad9864eb1533d1e115a4db67ee0b3366d9b507d39233981fd0ba03b38189c7cd",
    "https://esm.sh/@aws-sdk/client-sts@3.485.0/denonext/client-sts.mjs": "953e5c84058d6db78c85101b63463403f456fe28d2696d4b410b94bd130fb00d",
    "https://esm.sh/@aws-sdk/core@3.485.0/denonext/core.mjs": "2e40f3bdd72ffdf229d54380f4d5cafe59f96471f5e0cb109f259a44f5b54282",
    "https://esm.sh/@aws-sdk/credential-provider-env@3.485.0/denonext/credential-provider-env.mjs": "9756a0b9a0e8878e47c16ffac6f00ad144018e57a8eb1c4f376c6c5e3f5a8db3",
    "https://esm.sh/@aws-sdk/credential-provider-ini@3.485.0/denonext/credential-provider-ini.mjs": "d4b87fa51b5498e6ea78c692f3be728cc60ca64943fd5200d90eadfb8da2a8cf",
    "https://esm.sh/@aws-sdk/credential-provider-node@3.485.0/denonext/credential-provider-node.mjs": "3cf8326201a5f2a2d27aa0315416ac4b0a0183b602e016473d75cc45b254c92b",
    "https://esm.sh/@aws-sdk/credential-provider-process@3.485.0/denonext/credential-provider-process.mjs": "fa088db302c8d17925d9d7c7270facf12a0df6870eabfc5de76e4bb628bc38a0",
    "https://esm.sh/@aws-sdk/credential-provider-sso@3.485.0/denonext/credential-provider-sso.mjs": "da8004eb463decb25f56e7c47e3d62060e63fc227946e09648353f346503e82c",
    "https://esm.sh/@aws-sdk/credential-provider-web-identity@3.485.0/denonext/credential-provider-web-identity.mjs": "cf3fa258a32be674f4852ebc2e06723d3aab399d52f8c46c13f42b2d912a7672",
    "https://esm.sh/@aws-sdk/middleware-bucket-endpoint@3.485.0/denonext/middleware-bucket-endpoint.mjs": "5a1a98e94bb5a839ca15157e28f8b2b250ed3b64d52de7135fb610b9f452937d",
    "https://esm.sh/@aws-sdk/middleware-expect-continue@3.485.0/denonext/middleware-expect-continue.mjs": "d42bb21183ac38b3d959542f14bc860d432cb9d7776c7c0220f773d1c0d56c6b",
    "https://esm.sh/@aws-sdk/middleware-flexible-checksums@3.485.0/denonext/middleware-flexible-checksums.mjs": "1f591e56ed003a0dab113489e2a5a64d7820b554267932f7bd0ed67a264287dd",
    "https://esm.sh/@aws-sdk/middleware-host-header@3.485.0/denonext/middleware-host-header.mjs": "3065e1c2624388c09b1a34b24e6f730360445ab4f589a4ff143cd750de5180dd",
    "https://esm.sh/@aws-sdk/middleware-location-constraint@3.485.0/denonext/middleware-location-constraint.mjs": "bd3ab9f217a826dc9fcf908ae2fd45dd28d967ed2dda7dee935b9132482dd2cd",
    "https://esm.sh/@aws-sdk/middleware-logger@3.485.0/denonext/middleware-logger.mjs": "6b09fc44c98ecdefd76fce6edece9cd448249d896578a0be0cc7c10a64664255",
    "https://esm.sh/@aws-sdk/middleware-recursion-detection@3.485.0/denonext/middleware-recursion-detection.mjs": "8a57d746344c24e57309aae875e32f53b098e1a9a8590f7875465d0887045cfa",
    "https://esm.sh/@aws-sdk/middleware-sdk-s3@3.485.0/denonext/middleware-sdk-s3.mjs": "14b55e642f73d3028f53b1a1ddcb0c16061d0c5aa7390a0cb19dc7af32480c4c",
    "https://esm.sh/@aws-sdk/middleware-signing@3.485.0/denonext/middleware-signing.mjs": "4e5cacf8b6684055d90eaf55bc560a013409c9903b6bbcc5451a97b137a999ea",
    "https://esm.sh/@aws-sdk/middleware-ssec@3.485.0/denonext/middleware-ssec.mjs": "c24c890a80326ecf8b770980b1b99d1dbc5bbf261a17b64db86fc34b0a54a0c3",
    "https://esm.sh/@aws-sdk/middleware-user-agent@3.485.0/denonext/middleware-user-agent.mjs": "2905940bd609ce08f5ab01f3db7d302d7ac9fde6abd73b0f8013d0c40c64e2f2",
    "https://esm.sh/@aws-sdk/region-config-resolver@3.485.0/denonext/region-config-resolver.mjs": "bf8ea1234773ebe66bc891fd055bea7b5d74d2dd75b669a6ed8f95eba4855338",
    "https://esm.sh/@aws-sdk/s3-request-presigner@3.485.0": "a74f2d2a702a16c01477f38c0fb2f32f21a4e6ec4e5d2be150cfad120dcd94e8",
    "https://esm.sh/@aws-sdk/s3-request-presigner@3.485.0/denonext/s3-request-presigner.mjs": "01fd392406f091c405220d1037e0cb36e9d9b24b87a7bc805cc41e91b4f1279f",
    "https://esm.sh/@aws-sdk/signature-v4-multi-region@3.485.0/denonext/signature-v4-multi-region.mjs": "220eaefb12e103a75647a1f60187bef1873a21ddcaed359cabecb4a748bc14ce",
    "https://esm.sh/@aws-sdk/token-providers@3.485.0/denonext/token-providers.mjs": "c6368bee903a514b15d4bb18abf9b325f87982c7351abe89882babe9589779e7",
    "https://esm.sh/@aws-sdk/util-arn-parser@3.465.0/denonext/util-arn-parser.mjs": "dada67a7c8dc59f0cc67c7058769ba2d0b30a9461c08e0bbbde2b6e9af20ae77",
    "https://esm.sh/@aws-sdk/util-endpoints@3.485.0/denonext/util-endpoints.mjs": "cf7e7884c253081845dc081d7311c0afdfbd0a9ada643dddb0cc8d66c085095d",
    "https://esm.sh/@aws-sdk/util-format-url@3.485.0/denonext/util-format-url.mjs": "a79034434d50708e2698ae63dde546588ca1b007396f4149f2c07976af133d12",
    "https://esm.sh/@aws-sdk/util-user-agent-node@3.485.0/denonext/util-user-agent-node.mjs": "da893a94a8ac7c3d62e057402fec194e1fd44846b139829b8f6eab7024253495",
    "https://esm.sh/@aws-sdk/util-utf8-browser@3.259.0/denonext/util-utf8-browser.mjs": "a2ff8063f14985dd35736e67fbaa2e2e83c4b36352e7e3d25aedfc1cd3caf582",
    "https://esm.sh/@aws-sdk/util-utf8-browser@3.259.0?target=denonext": "4be866210833dd3d53e7ae7e4dcaa74226c097d4fc7fcda7ae4fc8e87168f6bf",
    "https://esm.sh/@aws-sdk/xml-builder@3.485.0/denonext/xml-builder.mjs": "a41893cd853a23b0c7c5d7aa78d532d54e1a011c8a4840c1c3bd94748a0cfda7",
    "https://esm.sh/@smithy/config-resolver@2.2.0/denonext/config-resolver.mjs": "30715294b5d3ff0eb7eec913c56d91708c770c3b8ddd188d03f70e55d5fe3f9a",
    "https://esm.sh/@smithy/config-resolver@2.2.0?target=denonext": "2c663a3e8c3c70fb35b616f00144e90edd5c53160cd763ec148d806ed87c8c13",
    "https://esm.sh/@smithy/core@1.4.2/denonext/core.mjs": "437b6ed10e08d937398a5595de04cb95f4ff05792618ed00995d5360ca23a100",
    "https://esm.sh/@smithy/core@1.4.2?target=denonext": "fc56b2d39a9243b26cd4bb1cd978c3d6805e4618c050a407e9b2817c7caa8526",
    "https://esm.sh/@smithy/credential-provider-imds@2.3.0/denonext/credential-provider-imds.mjs": "0965b068e75a358ca19baa80cd965f711de4509a07e4a0e4ec667b38de7601bf",
    "https://esm.sh/@smithy/credential-provider-imds@2.3.0?target=denonext": "c2aae17e4456a44f044c68cab5b0c8f5d3b14ae9dbdcd453e96e54f891fcfbf0",
    "https://esm.sh/@smithy/eventstream-codec@2.2.0/denonext/eventstream-codec.mjs": "82d61ed6607ebb4cba302ab4bf23464830b66e75b797110d0068913bb41e4ba7",
    "https://esm.sh/@smithy/eventstream-codec@2.2.0?target=denonext": "aff27130e588ae12ed70a4d6b63b4982d55a5f01be3d0ada62bfd9b3dd86ac59",
    "https://esm.sh/@smithy/eventstream-serde-config-resolver@2.2.0/denonext/eventstream-serde-config-resolver.mjs": "92913af9cb22fa27932df0c77d61580152d2aaf219f62f002598fcd056d865db",
    "https://esm.sh/@smithy/eventstream-serde-config-resolver@2.2.0?target=denonext": "91e472efc8d7fdc7ce681942a925f150d733f5f75b7f0bf086c9eecc9e2cd0fd",
    "https://esm.sh/@smithy/eventstream-serde-node@2.2.0/denonext/eventstream-serde-node.mjs": "febc159724c1fe2964f881d6c4ab9d85b6f597ff7158759c3387c7f3302ea173",
    "https://esm.sh/@smithy/eventstream-serde-node@2.2.0?target=denonext": "7035f83686cea847491f38017ad9d52c3dc6ac2d98f8dd7f084b6fad06c9ad46",
    "https://esm.sh/@smithy/eventstream-serde-universal@2.2.0/denonext/eventstream-serde-universal.mjs": "bfe83a09ee485c98ef11eff66ddbf2dd807fb7f37d5f8d4cfd6bf75159fcab2d",
    "https://esm.sh/@smithy/eventstream-serde-universal@2.2.0?target=denonext": "8160b83c9a15762a8256974e3d162af3005ef562b39e2b42126f22d29f1bcc2a",
    "https://esm.sh/@smithy/hash-node@2.2.0/denonext/hash-node.mjs": "5ba287855213f94aeea0a866d219c97affa36c0446e23640f4092368a0ef5c00",
    "https://esm.sh/@smithy/hash-node@2.2.0?target=denonext": "8f159e954705d1f5f7b64156c2ec60a5d7314d54a5032762358aa2006952ee67",
    "https://esm.sh/@smithy/hash-stream-node@2.2.0/denonext/hash-stream-node.mjs": "8d3d04bf7f035c9fbccd3c5af6f49a5db32952cd22457fcaf2ffa8cf3a4a8718",
    "https://esm.sh/@smithy/hash-stream-node@2.2.0?target=denonext": "fbf51a9da8cf995d8902e216a039c3a6262a667cf7f4bd262d775e3bf7916f5c",
    "https://esm.sh/@smithy/is-array-buffer@2.2.0/denonext/is-array-buffer.mjs": "bb0c972a6bf8b0b7cc363980393d120c0b0970f84c8cd2bf6f9e0ce16480e4d1",
    "https://esm.sh/@smithy/is-array-buffer@2.2.0?target=denonext": "fe1e68b8aa7ea76d586d0da585dbf673a2f48c51b2d92ada8872c80eadc127a1",
    "https://esm.sh/@smithy/middleware-content-length@2.2.0/denonext/middleware-content-length.mjs": "c38beb07edfa84daa6cd9550e883ab5dc6ff6d5ea87f769dbc0904a651d31a36",
    "https://esm.sh/@smithy/middleware-content-length@2.2.0?target=denonext": "dc8e3eccb039f782d072608c2ddca6c0a3ad62dbdbb8042c1aebaf70d93f0816",
    "https://esm.sh/@smithy/middleware-endpoint@2.5.1/denonext/middleware-endpoint.mjs": "d9cab071485b346f6901f6066df70e3c122e861154c43a20fd9769cf64cf2522",
    "https://esm.sh/@smithy/middleware-endpoint@2.5.1?target=denonext": "165e4b02089b8093ecfa5ba6a6161f3e03bf8e228074c748397e10446d02e06c",
    "https://esm.sh/@smithy/middleware-retry@2.3.1/denonext/middleware-retry.mjs": "49f3d92f437a7c27c2221b067fa13df30a5f439237ea5696abbe699531e6ade3",
    "https://esm.sh/@smithy/middleware-retry@2.3.1?target=denonext": "b44eff8c0bd5a2ccedd1d984c2fa5f5c411737adae5e3e2cafc614563dfa2bdd",
    "https://esm.sh/@smithy/middleware-serde@2.3.0/denonext/middleware-serde.mjs": "0013fc3f9999fef66094d9ad32ee4015c59631e0d6da10bccc38e7199c87fdcb",
    "https://esm.sh/@smithy/middleware-serde@2.3.0?target=denonext": "b94123f134acb121b2ec236c05bc1067c8d7e68eececdc2f10a38d886b7ae807",
    "https://esm.sh/@smithy/middleware-stack@2.2.0/denonext/middleware-stack.mjs": "122cc16f443bb5b430c6002aba5820485713e8eed515d539821220b021cb5fcc",
    "https://esm.sh/@smithy/middleware-stack@2.2.0?target=denonext": "ffb0b2d0e8c6b967a86847156997ea2233d0ab68c3d63fd5f6f11aad4fb6702b",
    "https://esm.sh/@smithy/node-config-provider@2.3.0/denonext/node-config-provider.mjs": "0ed15b848f75beb97e876528a427f21119f41f7355c27a060a530dfc6d37b045",
    "https://esm.sh/@smithy/node-config-provider@2.3.0?target=denonext": "d4af53bcdc46fe86804bd03345e87589e4a5443c1e247a0fdc4de631a03dd602",
    "https://esm.sh/@smithy/node-http-handler@2.5.0/denonext/node-http-handler.mjs": "c62499b684f25527ae8b81987769fec091592f46475b77d5e80c66c7e1804df1",
    "https://esm.sh/@smithy/node-http-handler@2.5.0?target=denonext": "fcce5ed13fb494aa1f8f0b3176e6206374f0f0cd7562e0b6e48181ab6d13b83c",
    "https://esm.sh/@smithy/property-provider@2.2.0/denonext/property-provider.mjs": "d9610cf298f2c4bb154d175603c33edf56ee3bb5b20e379dfb7ff336bf7ae68b",
    "https://esm.sh/@smithy/property-provider@2.2.0?target=denonext": "fbc788384cef9c5faacb759759d88e3c96cc59966fa41e1d405f0bda202484f7",
    "https://esm.sh/@smithy/protocol-http@3.3.0/denonext/protocol-http.mjs": "6c68a77085452447484146a3b5478d25a66da96169fb8624ed44214374b238d9",
    "https://esm.sh/@smithy/protocol-http@3.3.0?target=denonext": "15de99b92783553baeb6eb84bbe8787093b3f1f0f6e5856d0c271032513d94b2",
    "https://esm.sh/@smithy/querystring-builder@2.2.0/denonext/querystring-builder.mjs": "8633a84864e1e5c27718fb83e549d9968087dca007db4f73ef43a71d9ad3f5c8",
    "https://esm.sh/@smithy/querystring-builder@2.2.0?target=denonext": "9e04fc0cd351d12342066db401f48787dab96458eb10f21337f717b680bef72d",
    "https://esm.sh/@smithy/querystring-parser@2.2.0/denonext/querystring-parser.mjs": "e8791c65fd17eb3329bc763edc745d76d38f7ade281610cc3fe191a84b8664e3",
    "https://esm.sh/@smithy/querystring-parser@2.2.0?target=denonext": "34a402f2b4117210929b440fea439c81729a1f08186a87ba519c8e41b660d0ab",
    "https://esm.sh/@smithy/service-error-classification@2.1.5/denonext/service-error-classification.mjs": "5488b7c19d457b8925121f25315bfc6af9555217276a4d61594923fac3dda97f",
    "https://esm.sh/@smithy/service-error-classification@2.1.5?target=denonext": "9b51e6f120a321779e8ccf4f38ba225a3ba8af4c234de90853e6e7c1cbb141fa",
    "https://esm.sh/@smithy/shared-ini-file-loader@2.4.0/denonext/shared-ini-file-loader.mjs": "17806aa1e161b3a18dcbaa1e469f7119070140fbafe0a0b32dfc18488cbfb165",
    "https://esm.sh/@smithy/shared-ini-file-loader@2.4.0?target=denonext": "8d5b44d40a204848234788d160aea85d5fdbe995f43a5a72b9ee348c3e591fa6",
    "https://esm.sh/@smithy/signature-v4@2.3.0/denonext/signature-v4.mjs": "c0e0769ea08b045e9c8f9ec2a41c1b796d3dd4b7bd4b61821a028f17efdd5bab",
    "https://esm.sh/@smithy/signature-v4@2.3.0?target=denonext": "bbd066ed1cb06680f1e8d13bfcb453f1d0c4da1bb1e1cd0b3a51db09d6f9e511",
    "https://esm.sh/@smithy/smithy-client@2.5.1/denonext/smithy-client.mjs": "9bc797a2790f844359c031089da3f2e3f8aaf8f833648826b1d46dfce9e728a9",
    "https://esm.sh/@smithy/smithy-client@2.5.1?target=denonext": "2fcab75945641fd6bc9c03437a1f83c08880a7a64a57efaf3164dc1ae08ae6b5",
    "https://esm.sh/@smithy/types@2.12.0/denonext/dist-es/extensions.mjs": "083923f36bce969b7c7db5b18e1c815c66a98e3e11641e3394f7236cb60da8ac",
    "https://esm.sh/@smithy/types@2.12.0/denonext/types.mjs": "84659bc0f6c29b07638361906d21334f93f97a1ce8a47baf6230c1dc4fb05413",
    "https://esm.sh/@smithy/types@2.12.0?target=denonext": "a037def6ec716b1abba6a95c515b5fc52e56efd3bdba606c563486722e383709",
    "https://esm.sh/@smithy/url-parser@2.2.0/denonext/url-parser.mjs": "8bbcd3ac4a382275a910a5dd3bfb29bb6e66786f17e09f5083bbfd5c6008bd0c",
    "https://esm.sh/@smithy/url-parser@2.2.0?target=denonext": "36f5eb576dad745bddfd16a4775b65f27ca9f9dbb14df393b2cc0d6f5d1f5ac2",
    "https://esm.sh/@smithy/util-base64@2.3.0/denonext/util-base64.mjs": "ecccf5a9262b52f7c8cb2a69c7e5f881db4ab9c88bf6d8ec2479cd6414d88775",
    "https://esm.sh/@smithy/util-base64@2.3.0?target=denonext": "271660edf697a3c52225efa7af222092a038f822f318df1a221436260eda9958",
    "https://esm.sh/@smithy/util-body-length-node@2.3.0/denonext/util-body-length-node.mjs": "d4cd71019f829b8a91e34b5efd85cdd9286100b03e8ed8cea1cd9054e432dc86",
    "https://esm.sh/@smithy/util-body-length-node@2.3.0?target=denonext": "5f5d6e0516f8b42c034781de48f3f26473b372d54328d78bebae54af7af6910b",
    "https://esm.sh/@smithy/util-buffer-from@2.2.0/denonext/util-buffer-from.mjs": "f6efa527feb4bc1043be8c348fe3df8a55628bceb717977fbe9435d8d2f13751",
    "https://esm.sh/@smithy/util-buffer-from@2.2.0?target=denonext": "75403f0420d0e9ba47b4b64bd7c3628b808a8da87f7e77c80fc80d6150748a75",
    "https://esm.sh/@smithy/util-config-provider@2.3.0/denonext/util-config-provider.mjs": "649ce174d2a99ddb1770995cd2ada292cf91010112982c49ddfd23aa601443f2",
    "https://esm.sh/@smithy/util-config-provider@2.3.0?target=denonext": "70684cf393c65f41e8ced69f8f1fade19e56200b8b8f443fd02d450048d184cb",
    "https://esm.sh/@smithy/util-defaults-mode-node@2.3.1/denonext/util-defaults-mode-node.mjs": "dbea639fa61e009621f64449d458d0b27a1be18e4369b58bb62b0dd382dfa476",
    "https://esm.sh/@smithy/util-defaults-mode-node@2.3.1?target=denonext": "577dbe99d265244f4b9dccc67c13bd636a16cc9e5069189326502ef8b69062fc",
    "https://esm.sh/@smithy/util-endpoints@1.2.0/denonext/util-endpoints.mjs": "821a2d9530513d6943b28cb225c62b7dc2a3152b53c44bed4ddccdd6eb0ba8d0",
    "https://esm.sh/@smithy/util-endpoints@1.2.0?target=denonext": "22400af56158bc36efbe6c0f23439a522cb2e1cd360ddc42dd6971d35eae155c",
    "https://esm.sh/@smithy/util-hex-encoding@2.2.0/denonext/util-hex-encoding.mjs": "aac4777870cc33d4b8b18bcf6823283d76bacdde927a0f304e983ae68034d363",
    "https://esm.sh/@smithy/util-hex-encoding@2.2.0?target=denonext": "4e544b81896a4b135271f6e80ab40063957a488fdd6e106f61ab1fa69eac660f",
    "https://esm.sh/@smithy/util-middleware@2.2.0/denonext/util-middleware.mjs": "aaa022166860d27bdbe89a4812915ec15ab35cc70f4df6348a949aecbc7055f2",
    "https://esm.sh/@smithy/util-middleware@2.2.0?target=denonext": "a322b495ba6f5c1330907410817cbeca9d664a7336f79a2aca3951e4a9598fbe",
    "https://esm.sh/@smithy/util-retry@2.2.0/denonext/util-retry.mjs": "c96dc59e01c63704587784af2298d8a9aee42d397f168c4221804af684621f62",
    "https://esm.sh/@smithy/util-retry@2.2.0?target=denonext": "aa1f40c2e2e7193fb1a6ab6704144b2073328c9b8adc96bab103c7d3b6297361",
    "https://esm.sh/@smithy/util-stream@2.2.0/denonext/util-stream.mjs": "04744c24bab3556be3697f27061f5a6a0ece348f5224c16a93eac91fc6bb5fd5",
    "https://esm.sh/@smithy/util-stream@2.2.0?target=denonext": "80cb771f77ae65c270ef2f7c74dc0fb7de8edb30a60800540c2eb32de49d4e4d",
    "https://esm.sh/@smithy/util-uri-escape@2.2.0/denonext/util-uri-escape.mjs": "af174ca3e6095c74ec24628e5d9d08566e9271eb7b544ed0b41ec2e46ab76b25",
    "https://esm.sh/@smithy/util-uri-escape@2.2.0?target=denonext": "12efca857a69e7d0ee15853c357d6a079efad48afd31de65c1731a5588f0ccea",
    "https://esm.sh/@smithy/util-utf8@2.3.0/denonext/util-utf8.mjs": "c1e2918de945436e7596ef4a21e8f0531cbdd745cf1268698c4a273f542de3bf",
    "https://esm.sh/@smithy/util-utf8@2.3.0?target=denonext": "57702f8883eea47b505995fcdc8f94217dec33c70ec652ceee4d5737780db846",
    "https://esm.sh/@smithy/util-waiter@2.2.0/denonext/util-waiter.mjs": "872168cb065c39945d6bead66a064a53f12841bcdb54f01e913120479368813e",
    "https://esm.sh/@smithy/util-waiter@2.2.0?target=denonext": "ed4d4e3d4364996611c471bb38803c43b2185afff76a425c9af28a46d6d37be7",
    "https://esm.sh/fast-xml-parser@4.2.5/denonext/fast-xml-parser.mjs": "9e7cf7f228fad40b3777c120b5b36395edd4e914ef9ed559f4007d728754a843",
    "https://esm.sh/strnum@1.1.2/denonext/strnum.mjs": "ceed7a7d507d6ae079c6668a59ab5bd43a6b6263fdad2cc17485c9595eb2982e",
    "https://esm.sh/strnum@1.1.2?target=denonext": "05bead2d260b4083c0e46b24f9334e059de57e037d93ac82eabe5d6e813c026c",
    "https://esm.sh/tslib@1.14.1/denonext/tslib.mjs": "748739307d67fbaa8ae634eed70715714dd1f54f04fe8635bcb7f72cb0aaed62",
    "https://esm.sh/tslib@1.14.1?target=denonext": "2982231d9e09e6f007540c7a24c12a7cccb0e84ca98df2ad86ff2bdca1c0fa35",
    "https://esm.sh/uuid@9.0.1/denonext/uuid.mjs": "25ffc9943d4b3691671de82d30c147ecfa2a8fae6f4319db28dadb0dacc19450",
    "https://esm.sh/uuid@9.0.1?target=denonext": "11c38693969f62a617de5ceee47ddc29ae892ae81491378a933436788fad3c8b"
  }
}
